
Microsoft Visual Studio Solution File, Format Version 12.00
# Visual Studio 2013
VisualStudioVersion = 12.0.40629.0
MinimumVisualStudioVersion = 10.0.40219.1
Project("{FAE04EC0-301F-11D3-BF4B-00C04F79EFBC}") = "DifferentThreadAkka", "DifferentThreadAkka\DifferentThreadAkka.csproj", "{EBFA1FAB-285F-497B-98B5-AB103D025335}"
EndProject
Global
	GlobalSection(SolutionConfigurationPlatforms) = preSolution
		Debug|Any CPU = Debug|Any CPU
		Release|Any CPU = Release|Any CPU
	EndGlobalSection
	GlobalSection(ProjectConfigurationPlatforms) = postSolution
		{EBFA1FAB-285F-497B-98B5-AB103D025335}.Debug|Any CPU.ActiveCfg = Debug|Any CPU
		{EBFA1FAB-285F-497B-98B5-AB103D025335}.Debug|Any CPU.Build.0 = Debug|Any CPU
		{EBFA1FAB-285F-497B-98B5-AB103D025335}.Release|Any CPU.ActiveCfg = Release|Any CPU
		{EBFA1FAB-285F-497B-98B5-AB103D025335}.Release|Any CPU.Build.0 = Release|Any CPU
	EndGlobalSection
	GlobalSection(SolutionProperties) = preSolution
		HideSolutionNode = FALSE
	EndGlobalSection
EndGlobal
